// !$*UTF8*$!
{
	archiveVersion = 1;
	classes = {
	};
	objectVersion = 52;
	objects = {

/* Begin PBXBuildFile section */
		E500BFAE26CA6EFE007B3BDF /* EmailTextField.swift in Sources */ = {isa = PBXBuildFile; fileRef = E500BFAD26CA6EFE007B3BDF /* EmailTextField.swift */; };
		E500BFB526CAD8FA007B3BDF /* DashboardScreenView.swift in Sources */ = {isa = PBXBuildFile; fileRef = E500BFB426CAD8FA007B3BDF /* DashboardScreenView.swift */; };
		E500BFBA26CADA0F007B3BDF /* DashboardScreenViewModel.swift in Sources */ = {isa = PBXBuildFile; fileRef = E500BFB926CADA0F007B3BDF /* DashboardScreenViewModel.swift */; };
		E500BFBE26CAFC9C007B3BDF /* ProfileScreenView.swift in Sources */ = {isa = PBXBuildFile; fileRef = E500BFBD26CAFC9C007B3BDF /* ProfileScreenView.swift */; };
		E500BFC026CAFCAA007B3BDF /* ProfileScreenViewModel.swift in Sources */ = {isa = PBXBuildFile; fileRef = E500BFBF26CAFCAA007B3BDF /* ProfileScreenViewModel.swift */; };
		E500BFC326CAFD8F007B3BDF /* HeaderCell.swift in Sources */ = {isa = PBXBuildFile; fileRef = E500BFC226CAFD8F007B3BDF /* HeaderCell.swift */; };
		E500BFC526CB1096007B3BDF /* ImagePicker.swift in Sources */ = {isa = PBXBuildFile; fileRef = E500BFC426CB1096007B3BDF /* ImagePicker.swift */; };
		E500BFC726CBADC4007B3BDF /* CourseCell.swift in Sources */ = {isa = PBXBuildFile; fileRef = E500BFC626CBADC4007B3BDF /* CourseCell.swift */; };
		E500BFC926CBB204007B3BDF /* CourceBlockCell.swift in Sources */ = {isa = PBXBuildFile; fileRef = E500BFC826CBB204007B3BDF /* CourceBlockCell.swift */; };
		E500BFCB26CBB343007B3BDF /* ShowMoreButton.swift in Sources */ = {isa = PBXBuildFile; fileRef = E500BFCA26CBB343007B3BDF /* ShowMoreButton.swift */; };
		E500BFCE26CBC75F007B3BDF /* Golos Text_Medium.ttf in Resources */ = {isa = PBXBuildFile; fileRef = E500BFCD26CBC75F007B3BDF /* Golos Text_Medium.ttf */; };
		E500BFD026CBCD51007B3BDF /* Golos Text_DemiBold.ttf in Resources */ = {isa = PBXBuildFile; fileRef = E500BFCF26CBCD51007B3BDF /* Golos Text_DemiBold.ttf */; };
		E50C420C26CC2F7F00BB387E /* GeneralAPI.swift in Sources */ = {isa = PBXBuildFile; fileRef = E50C420B26CC2F7F00BB387E /* GeneralAPI.swift */; };
		E50C420E26CC309000BB387E /* Consts.swift in Sources */ = {isa = PBXBuildFile; fileRef = E50C420D26CC309000BB387E /* Consts.swift */; };
		E50C421026CC315C00BB387E /* MasterProvider.swift in Sources */ = {isa = PBXBuildFile; fileRef = E50C420F26CC315C00BB387E /* MasterProvider.swift */; };
		E50C421226CC322800BB387E /* GeneralService.swift in Sources */ = {isa = PBXBuildFile; fileRef = E50C421126CC322800BB387E /* GeneralService.swift */; };
		E50C421726CC32D900BB387E /* ServerUser.swift in Sources */ = {isa = PBXBuildFile; fileRef = E50C421626CC32D900BB387E /* ServerUser.swift */; };
		E50C421926CC32E200BB387E /* User.swift in Sources */ = {isa = PBXBuildFile; fileRef = E50C421826CC32E200BB387E /* User.swift */; };
		E50C421D26CC350E00BB387E /* BaseMapper.swift in Sources */ = {isa = PBXBuildFile; fileRef = E50C421C26CC350E00BB387E /* BaseMapper.swift */; };
		E50C421F26CC352700BB387E /* UserMapper.swift in Sources */ = {isa = PBXBuildFile; fileRef = E50C421E26CC352700BB387E /* UserMapper.swift */; };
		E50C422226CC4A1100BB387E /* ServerResponse.swift in Sources */ = {isa = PBXBuildFile; fileRef = E50C422126CC4A1100BB387E /* ServerResponse.swift */; };
		E50C422426CC4D0300BB387E /* CourceMapper.swift in Sources */ = {isa = PBXBuildFile; fileRef = E50C422326CC4D0300BB387E /* CourceMapper.swift */; };
		E50C422726CD0C4800BB387E /* Moya in Frameworks */ = {isa = PBXBuildFile; productRef = E50C422626CD0C4800BB387E /* Moya */; };
		E50C422926CD0C4800BB387E /* CombineMoya in Frameworks */ = {isa = PBXBuildFile; productRef = E50C422826CD0C4800BB387E /* CombineMoya */; };
		E50C422B26CD0D3800BB387E /* AppDelegate.swift in Sources */ = {isa = PBXBuildFile; fileRef = E50C422A26CD0D3800BB387E /* AppDelegate.swift */; };
		E50C422D26CD0D9100BB387E /* DIContainer.swift in Sources */ = {isa = PBXBuildFile; fileRef = E50C422C26CD0D9100BB387E /* DIContainer.swift */; };
		E50C422F26CD0F0600BB387E /* Bundle+Extensions.swift in Sources */ = {isa = PBXBuildFile; fileRef = E50C422E26CD0F0600BB387E /* Bundle+Extensions.swift */; };
		E50C423126CD129F00BB387E /* GeneralServiceProtocols.swift in Sources */ = {isa = PBXBuildFile; fileRef = E50C423026CD129F00BB387E /* GeneralServiceProtocols.swift */; };
		E50C423326CD534D00BB387E /* user.json in Resources */ = {isa = PBXBuildFile; fileRef = E50C423226CD534D00BB387E /* user.json */; };
		E50EF18726C677ED00211D19 /* BaseButton.swift in Sources */ = {isa = PBXBuildFile; fileRef = E50EF18626C677ED00211D19 /* BaseButton.swift */; };
		E50EF18A26C6F49900211D19 /* CompanyLogo.swift in Sources */ = {isa = PBXBuildFile; fileRef = E50EF18926C6F49900211D19 /* CompanyLogo.swift */; };
		E50EF18E26C8415100211D19 /* LoginScreenView.swift in Sources */ = {isa = PBXBuildFile; fileRef = E50EF18D26C8415100211D19 /* LoginScreenView.swift */; };
		E50EF19026C841AD00211D19 /* LoginScreenViewModel.swift in Sources */ = {isa = PBXBuildFile; fileRef = E50EF18F26C841AD00211D19 /* LoginScreenViewModel.swift */; };
		E50EF19326C842BF00211D19 /* BaseText.swift in Sources */ = {isa = PBXBuildFile; fileRef = E50EF19226C842BF00211D19 /* BaseText.swift */; };
		E50EF19526C8475A00211D19 /* LoginForm.swift in Sources */ = {isa = PBXBuildFile; fileRef = E50EF19426C8475A00211D19 /* LoginForm.swift */; };
		E50EF19826C847DC00211D19 /* BaseTextField.swift in Sources */ = {isa = PBXBuildFile; fileRef = E50EF19726C847DC00211D19 /* BaseTextField.swift */; };
		E50EF19A26C84B6900211D19 /* PasswordTextField.swift in Sources */ = {isa = PBXBuildFile; fileRef = E50EF19926C84B6900211D19 /* PasswordTextField.swift */; };
		E51B403F26C51E2E006BFDDA /* profsoft_SwiftUIApp.swift in Sources */ = {isa = PBXBuildFile; fileRef = E51B403E26C51E2E006BFDDA /* profsoft_SwiftUIApp.swift */; };
		E51B404326C51E2E006BFDDA /* Assets.xcassets in Resources */ = {isa = PBXBuildFile; fileRef = E51B404226C51E2E006BFDDA /* Assets.xcassets */; };
		E51B404626C51E2E006BFDDA /* Preview Assets.xcassets in Resources */ = {isa = PBXBuildFile; fileRef = E51B404526C51E2E006BFDDA /* Preview Assets.xcassets */; };
		E51B405826C5201A006BFDDA /* AppStep.swift in Sources */ = {isa = PBXBuildFile; fileRef = E51B405726C5201A006BFDDA /* AppStep.swift */; };
		E51B405A26C52431006BFDDA /* GeneralFlow.swift in Sources */ = {isa = PBXBuildFile; fileRef = E51B405926C52431006BFDDA /* GeneralFlow.swift */; };
		E51B405C26C52545006BFDDA /* StartScreenView.swift in Sources */ = {isa = PBXBuildFile; fileRef = E51B405B26C52545006BFDDA /* StartScreenView.swift */; };
		E51B406026C525F4006BFDDA /* StartScreenViewModel.swift in Sources */ = {isa = PBXBuildFile; fileRef = E51B405F26C525F4006BFDDA /* StartScreenViewModel.swift */; };
		E51B406326C5290B006BFDDA /* View+Extensions.swift in Sources */ = {isa = PBXBuildFile; fileRef = E51B406226C5290B006BFDDA /* View+Extensions.swift */; };
		E51B406726C52958006BFDDA /* AppFlow.swift in Sources */ = {isa = PBXBuildFile; fileRef = E51B406626C52958006BFDDA /* AppFlow.swift */; };
/* End PBXBuildFile section */

/* Begin PBXFileReference section */
		E500BFAD26CA6EFE007B3BDF /* EmailTextField.swift */ = {isa = PBXFileReference; lastKnownFileType = sourcecode.swift; path = EmailTextField.swift; sourceTree = "<group>"; };
		E500BFB426CAD8FA007B3BDF /* DashboardScreenView.swift */ = {isa = PBXFileReference; lastKnownFileType = sourcecode.swift; path = DashboardScreenView.swift; sourceTree = "<group>"; };
		E500BFB926CADA0F007B3BDF /* DashboardScreenViewModel.swift */ = {isa = PBXFileReference; lastKnownFileType = sourcecode.swift; path = DashboardScreenViewModel.swift; sourceTree = "<group>"; };
		E500BFBD26CAFC9C007B3BDF /* ProfileScreenView.swift */ = {isa = PBXFileReference; lastKnownFileType = sourcecode.swift; path = ProfileScreenView.swift; sourceTree = "<group>"; };
		E500BFBF26CAFCAA007B3BDF /* ProfileScreenViewModel.swift */ = {isa = PBXFileReference; lastKnownFileType = sourcecode.swift; path = ProfileScreenViewModel.swift; sourceTree = "<group>"; };
		E500BFC226CAFD8F007B3BDF /* HeaderCell.swift */ = {isa = PBXFileReference; lastKnownFileType = sourcecode.swift; path = HeaderCell.swift; sourceTree = "<group>"; };
		E500BFC426CB1096007B3BDF /* ImagePicker.swift */ = {isa = PBXFileReference; lastKnownFileType = sourcecode.swift; path = ImagePicker.swift; sourceTree = "<group>"; };
		E500BFC626CBADC4007B3BDF /* CourseCell.swift */ = {isa = PBXFileReference; lastKnownFileType = sourcecode.swift; path = CourseCell.swift; sourceTree = "<group>"; };
		E500BFC826CBB204007B3BDF /* CourceBlockCell.swift */ = {isa = PBXFileReference; lastKnownFileType = sourcecode.swift; path = CourceBlockCell.swift; sourceTree = "<group>"; };
		E500BFCA26CBB343007B3BDF /* ShowMoreButton.swift */ = {isa = PBXFileReference; lastKnownFileType = sourcecode.swift; path = ShowMoreButton.swift; sourceTree = "<group>"; };
		E500BFCD26CBC75F007B3BDF /* Golos Text_Medium.ttf */ = {isa = PBXFileReference; lastKnownFileType = file; path = "Golos Text_Medium.ttf"; sourceTree = "<group>"; };
		E500BFCF26CBCD51007B3BDF /* Golos Text_DemiBold.ttf */ = {isa = PBXFileReference; lastKnownFileType = file; path = "Golos Text_DemiBold.ttf"; sourceTree = "<group>"; };
		E50C420B26CC2F7F00BB387E /* GeneralAPI.swift */ = {isa = PBXFileReference; lastKnownFileType = sourcecode.swift; path = GeneralAPI.swift; sourceTree = "<group>"; };
		E50C420D26CC309000BB387E /* Consts.swift */ = {isa = PBXFileReference; lastKnownFileType = sourcecode.swift; path = Consts.swift; sourceTree = "<group>"; };
		E50C420F26CC315C00BB387E /* MasterProvider.swift */ = {isa = PBXFileReference; lastKnownFileType = sourcecode.swift; path = MasterProvider.swift; sourceTree = "<group>"; };
		E50C421126CC322800BB387E /* GeneralService.swift */ = {isa = PBXFileReference; lastKnownFileType = sourcecode.swift; path = GeneralService.swift; sourceTree = "<group>"; };
		E50C421626CC32D900BB387E /* ServerUser.swift */ = {isa = PBXFileReference; lastKnownFileType = sourcecode.swift; path = ServerUser.swift; sourceTree = "<group>"; };
		E50C421826CC32E200BB387E /* User.swift */ = {isa = PBXFileReference; lastKnownFileType = sourcecode.swift; path = User.swift; sourceTree = "<group>"; };
		E50C421C26CC350E00BB387E /* BaseMapper.swift */ = {isa = PBXFileReference; lastKnownFileType = sourcecode.swift; path = BaseMapper.swift; sourceTree = "<group>"; };
		E50C421E26CC352700BB387E /* UserMapper.swift */ = {isa = PBXFileReference; lastKnownFileType = sourcecode.swift; path = UserMapper.swift; sourceTree = "<group>"; };
		E50C422126CC4A1100BB387E /* ServerResponse.swift */ = {isa = PBXFileReference; lastKnownFileType = sourcecode.swift; path = ServerResponse.swift; sourceTree = "<group>"; };
		E50C422326CC4D0300BB387E /* CourceMapper.swift */ = {isa = PBXFileReference; lastKnownFileType = sourcecode.swift; path = CourceMapper.swift; sourceTree = "<group>"; };
		E50C422A26CD0D3800BB387E /* AppDelegate.swift */ = {isa = PBXFileReference; lastKnownFileType = sourcecode.swift; path = AppDelegate.swift; sourceTree = "<group>"; };
		E50C422C26CD0D9100BB387E /* DIContainer.swift */ = {isa = PBXFileReference; lastKnownFileType = sourcecode.swift; path = DIContainer.swift; sourceTree = "<group>"; };
		E50C422E26CD0F0600BB387E /* Bundle+Extensions.swift */ = {isa = PBXFileReference; lastKnownFileType = sourcecode.swift; path = "Bundle+Extensions.swift"; sourceTree = "<group>"; };
		E50C423026CD129F00BB387E /* GeneralServiceProtocols.swift */ = {isa = PBXFileReference; lastKnownFileType = sourcecode.swift; path = GeneralServiceProtocols.swift; sourceTree = "<group>"; };
		E50C423226CD534D00BB387E /* user.json */ = {isa = PBXFileReference; lastKnownFileType = text.json; path = user.json; sourceTree = "<group>"; };
		E50EF18626C677ED00211D19 /* BaseButton.swift */ = {isa = PBXFileReference; lastKnownFileType = sourcecode.swift; path = BaseButton.swift; sourceTree = "<group>"; };
		E50EF18926C6F49900211D19 /* CompanyLogo.swift */ = {isa = PBXFileReference; lastKnownFileType = sourcecode.swift; path = CompanyLogo.swift; sourceTree = "<group>"; };
		E50EF18D26C8415100211D19 /* LoginScreenView.swift */ = {isa = PBXFileReference; lastKnownFileType = sourcecode.swift; path = LoginScreenView.swift; sourceTree = "<group>"; };
		E50EF18F26C841AD00211D19 /* LoginScreenViewModel.swift */ = {isa = PBXFileReference; lastKnownFileType = sourcecode.swift; path = LoginScreenViewModel.swift; sourceTree = "<group>"; };
		E50EF19226C842BF00211D19 /* BaseText.swift */ = {isa = PBXFileReference; lastKnownFileType = sourcecode.swift; path = BaseText.swift; sourceTree = "<group>"; };
		E50EF19426C8475A00211D19 /* LoginForm.swift */ = {isa = PBXFileReference; lastKnownFileType = sourcecode.swift; path = LoginForm.swift; sourceTree = "<group>"; };
		E50EF19726C847DC00211D19 /* BaseTextField.swift */ = {isa = PBXFileReference; lastKnownFileType = sourcecode.swift; path = BaseTextField.swift; sourceTree = "<group>"; };
		E50EF19926C84B6900211D19 /* PasswordTextField.swift */ = {isa = PBXFileReference; lastKnownFileType = sourcecode.swift; path = PasswordTextField.swift; sourceTree = "<group>"; };
		E51B403B26C51E2E006BFDDA /* profsoft-SwiftUI.app */ = {isa = PBXFileReference; explicitFileType = wrapper.application; includeInIndex = 0; path = "profsoft-SwiftUI.app"; sourceTree = BUILT_PRODUCTS_DIR; };
		E51B403E26C51E2E006BFDDA /* profsoft_SwiftUIApp.swift */ = {isa = PBXFileReference; lastKnownFileType = sourcecode.swift; path = profsoft_SwiftUIApp.swift; sourceTree = "<group>"; };
		E51B404226C51E2E006BFDDA /* Assets.xcassets */ = {isa = PBXFileReference; lastKnownFileType = folder.assetcatalog; path = Assets.xcassets; sourceTree = "<group>"; };
		E51B404526C51E2E006BFDDA /* Preview Assets.xcassets */ = {isa = PBXFileReference; lastKnownFileType = folder.assetcatalog; path = "Preview Assets.xcassets"; sourceTree = "<group>"; };
		E51B404726C51E2E006BFDDA /* Info.plist */ = {isa = PBXFileReference; lastKnownFileType = text.plist.xml; path = Info.plist; sourceTree = "<group>"; };
		E51B405726C5201A006BFDDA /* AppStep.swift */ = {isa = PBXFileReference; lastKnownFileType = sourcecode.swift; path = AppStep.swift; sourceTree = "<group>"; };
		E51B405926C52431006BFDDA /* GeneralFlow.swift */ = {isa = PBXFileReference; lastKnownFileType = sourcecode.swift; path = GeneralFlow.swift; sourceTree = "<group>"; };
		E51B405B26C52545006BFDDA /* StartScreenView.swift */ = {isa = PBXFileReference; lastKnownFileType = sourcecode.swift; path = StartScreenView.swift; sourceTree = "<group>"; };
		E51B405F26C525F4006BFDDA /* StartScreenViewModel.swift */ = {isa = PBXFileReference; lastKnownFileType = sourcecode.swift; path = StartScreenViewModel.swift; sourceTree = "<group>"; };
		E51B406226C5290B006BFDDA /* View+Extensions.swift */ = {isa = PBXFileReference; lastKnownFileType = sourcecode.swift; path = "View+Extensions.swift"; sourceTree = "<group>"; };
		E51B406626C52958006BFDDA /* AppFlow.swift */ = {isa = PBXFileReference; lastKnownFileType = sourcecode.swift; path = AppFlow.swift; sourceTree = "<group>"; };
/* End PBXFileReference section */

/* Begin PBXFrameworksBuildPhase section */
		E51B403826C51E2E006BFDDA /* Frameworks */ = {
			isa = PBXFrameworksBuildPhase;
			buildActionMask = 2147483647;
			files = (
				E50C422926CD0C4800BB387E /* CombineMoya in Frameworks */,
				E50C422726CD0C4800BB387E /* Moya in Frameworks */,
			);
			runOnlyForDeploymentPostprocessing = 0;
		};
/* End PBXFrameworksBuildPhase section */

/* Begin PBXGroup section */
		E500BFAF26CACA5C007B3BDF /* Flows */ = {
			isa = PBXGroup;
			children = (
				E51B406626C52958006BFDDA /* AppFlow.swift */,
				E51B405926C52431006BFDDA /* GeneralFlow.swift */,
			);
			path = Flows;
			sourceTree = "<group>";
		};
		E500BFB626CAD901007B3BDF /* DashboardScreen */ = {
			isa = PBXGroup;
			children = (
				E500BFB926CADA0F007B3BDF /* DashboardScreenViewModel.swift */,
				E500BFB426CAD8FA007B3BDF /* DashboardScreenView.swift */,
			);
			path = DashboardScreen;
			sourceTree = "<group>";
		};
		E500BFC126CAFD70007B3BDF /* Cells */ = {
			isa = PBXGroup;
			children = (
				E500BFC226CAFD8F007B3BDF /* HeaderCell.swift */,
				E500BFC626CBADC4007B3BDF /* CourseCell.swift */,
				E500BFC826CBB204007B3BDF /* CourceBlockCell.swift */,
			);
			path = Cells;
			sourceTree = "<group>";
		};
		E500BFCC26CBC736007B3BDF /* Fonts */ = {
			isa = PBXGroup;
			children = (
				E500BFCD26CBC75F007B3BDF /* Golos Text_Medium.ttf */,
				E500BFCF26CBCD51007B3BDF /* Golos Text_DemiBold.ttf */,
			);
			path = Fonts;
			sourceTree = "<group>";
		};
		E50C420626CC2EF000BB387E /* JSONs */ = {
			isa = PBXGroup;
			children = (
				E50C423226CD534D00BB387E /* user.json */,
			);
			path = JSONs;
			sourceTree = "<group>";
		};
		E50C420926CC2F5500BB387E /* Services */ = {
			isa = PBXGroup;
			children = (
				E50C422026CC498D00BB387E /* Mediators */,
				E50C421A26CC34DB00BB387E /* Mappers */,
				E50C420A26CC2F5F00BB387E /* GeneralAPI */,
				E50C420F26CC315C00BB387E /* MasterProvider.swift */,
			);
			path = Services;
			sourceTree = "<group>";
		};
		E50C420A26CC2F5F00BB387E /* GeneralAPI */ = {
			isa = PBXGroup;
			children = (
				E50C420B26CC2F7F00BB387E /* GeneralAPI.swift */,
				E50C421126CC322800BB387E /* GeneralService.swift */,
				E50C423026CD129F00BB387E /* GeneralServiceProtocols.swift */,
			);
			path = GeneralAPI;
			sourceTree = "<group>";
		};
		E50C421326CC32BB00BB387E /* Models */ = {
			isa = PBXGroup;
			children = (
				E50C421526CC32C800BB387E /* Local */,
				E50C421426CC32C200BB387E /* Server */,
			);
			path = Models;
			sourceTree = "<group>";
		};
		E50C421426CC32C200BB387E /* Server */ = {
			isa = PBXGroup;
			children = (
				E50C421626CC32D900BB387E /* ServerUser.swift */,
				E50C422126CC4A1100BB387E /* ServerResponse.swift */,
			);
			path = Server;
			sourceTree = "<group>";
		};
		E50C421526CC32C800BB387E /* Local */ = {
			isa = PBXGroup;
			children = (
				E50C421826CC32E200BB387E /* User.swift */,
			);
			path = Local;
			sourceTree = "<group>";
		};
		E50C421A26CC34DB00BB387E /* Mappers */ = {
			isa = PBXGroup;
			children = (
				E50C421B26CC350400BB387E /* BaseMapper */,
				E50C421E26CC352700BB387E /* UserMapper.swift */,
				E50C422326CC4D0300BB387E /* CourceMapper.swift */,
			);
			path = Mappers;
			sourceTree = "<group>";
		};
		E50C421B26CC350400BB387E /* BaseMapper */ = {
			isa = PBXGroup;
			children = (
				E50C421C26CC350E00BB387E /* BaseMapper.swift */,
			);
			path = BaseMapper;
			sourceTree = "<group>";
		};
		E50C422026CC498D00BB387E /* Mediators */ = {
			isa = PBXGroup;
			children = (
			);
			path = Mediators;
			sourceTree = "<group>";
		};
		E50EF18526C677D800211D19 /* Buttons */ = {
			isa = PBXGroup;
			children = (
				E50EF18626C677ED00211D19 /* BaseButton.swift */,
				E500BFCA26CBB343007B3BDF /* ShowMoreButton.swift */,
			);
			path = Buttons;
			sourceTree = "<group>";
		};
		E50EF18826C6F2CA00211D19 /* Views */ = {
			isa = PBXGroup;
			children = (
				E50EF18926C6F49900211D19 /* CompanyLogo.swift */,
				E50EF19426C8475A00211D19 /* LoginForm.swift */,
			);
			path = Views;
			sourceTree = "<group>";
		};
		E50EF19126C842A700211D19 /* Text */ = {
			isa = PBXGroup;
			children = (
				E50EF19226C842BF00211D19 /* BaseText.swift */,
			);
			path = Text;
			sourceTree = "<group>";
		};
		E50EF19626C847CD00211D19 /* TextFields */ = {
			isa = PBXGroup;
			children = (
				E50EF19726C847DC00211D19 /* BaseTextField.swift */,
				E50EF19926C84B6900211D19 /* PasswordTextField.swift */,
				E500BFAD26CA6EFE007B3BDF /* EmailTextField.swift */,
			);
			path = TextFields;
			sourceTree = "<group>";
		};
		E51B403226C51E2E006BFDDA = {
			isa = PBXGroup;
			children = (
				E51B403D26C51E2E006BFDDA /* profsoft-SwiftUI */,
				E51B403C26C51E2E006BFDDA /* Products */,
			);
			sourceTree = "<group>";
		};
		E51B403C26C51E2E006BFDDA /* Products */ = {
			isa = PBXGroup;
			children = (
				E51B403B26C51E2E006BFDDA /* profsoft-SwiftUI.app */,
			);
			name = Products;
			sourceTree = "<group>";
		};
		E51B403D26C51E2E006BFDDA /* profsoft-SwiftUI */ = {
			isa = PBXGroup;
			children = (
				E51B404D26C51E51006BFDDA /* App */,
				E51B405126C51F02006BFDDA /* Router */,
				E51B405226C51F0B006BFDDA /* Components */,
				E50C420926CC2F5500BB387E /* Services */,
				E50C421326CC32BB00BB387E /* Models */,
				E51B404F26C51EED006BFDDA /* Modules */,
				E51B405026C51EF8006BFDDA /* Helpers */,
				E51B404E26C51ED6006BFDDA /* Resources */,
				E51B404426C51E2E006BFDDA /* Preview Content */,
			);
			path = "profsoft-SwiftUI";
			sourceTree = "<group>";
		};
		E51B404426C51E2E006BFDDA /* Preview Content */ = {
			isa = PBXGroup;
			children = (
				E51B404526C51E2E006BFDDA /* Preview Assets.xcassets */,
			);
			path = "Preview Content";
			sourceTree = "<group>";
		};
		E51B404D26C51E51006BFDDA /* App */ = {
			isa = PBXGroup;
			children = (
				E51B403E26C51E2E006BFDDA /* profsoft_SwiftUIApp.swift */,
				E51B404726C51E2E006BFDDA /* Info.plist */,
				E50C422A26CD0D3800BB387E /* AppDelegate.swift */,
			);
			path = App;
			sourceTree = "<group>";
		};
		E51B404E26C51ED6006BFDDA /* Resources */ = {
			isa = PBXGroup;
			children = (
				E500BFCC26CBC736007B3BDF /* Fonts */,
				E51B404226C51E2E006BFDDA /* Assets.xcassets */,
			);
			path = Resources;
			sourceTree = "<group>";
		};
		E51B404F26C51EED006BFDDA /* Modules */ = {
			isa = PBXGroup;
			children = (
				E51B405626C51F92006BFDDA /* ProfileScreen */,
				E500BFB626CAD901007B3BDF /* DashboardScreen */,
				E51B405526C51F87006BFDDA /* LoginScreen */,
				E51B405426C51F7B006BFDDA /* StartScreen */,
				E51B405326C51F39006BFDDA /* SplashScreen */,
			);
			path = Modules;
			sourceTree = "<group>";
		};
		E51B405026C51EF8006BFDDA /* Helpers */ = {
			isa = PBXGroup;
			children = (
				E50C420626CC2EF000BB387E /* JSONs */,
				E51B406426C52928006BFDDA /* Extensions */,
				E500BFC426CB1096007B3BDF /* ImagePicker.swift */,
				E50C420D26CC309000BB387E /* Consts.swift */,
				E50C422C26CD0D9100BB387E /* DIContainer.swift */,
			);
			path = Helpers;
			sourceTree = "<group>";
		};
		E51B405126C51F02006BFDDA /* Router */ = {
			isa = PBXGroup;
			children = (
				E51B405726C5201A006BFDDA /* AppStep.swift */,
				E500BFAF26CACA5C007B3BDF /* Flows */,
			);
			path = Router;
			sourceTree = "<group>";
		};
		E51B405226C51F0B006BFDDA /* Components */ = {
			isa = PBXGroup;
			children = (
				E500BFC126CAFD70007B3BDF /* Cells */,
				E50EF19626C847CD00211D19 /* TextFields */,
				E50EF19126C842A700211D19 /* Text */,
				E50EF18526C677D800211D19 /* Buttons */,
				E50EF18826C6F2CA00211D19 /* Views */,
			);
			path = Components;
			sourceTree = "<group>";
		};
		E51B405326C51F39006BFDDA /* SplashScreen */ = {
			isa = PBXGroup;
			children = (
			);
			path = SplashScreen;
			sourceTree = "<group>";
		};
		E51B405426C51F7B006BFDDA /* StartScreen */ = {
			isa = PBXGroup;
			children = (
				E51B405B26C52545006BFDDA /* StartScreenView.swift */,
				E51B405F26C525F4006BFDDA /* StartScreenViewModel.swift */,
			);
			path = StartScreen;
			sourceTree = "<group>";
		};
		E51B405526C51F87006BFDDA /* LoginScreen */ = {
			isa = PBXGroup;
			children = (
				E50EF18F26C841AD00211D19 /* LoginScreenViewModel.swift */,
				E50EF18D26C8415100211D19 /* LoginScreenView.swift */,
			);
			path = LoginScreen;
			sourceTree = "<group>";
		};
		E51B405626C51F92006BFDDA /* ProfileScreen */ = {
			isa = PBXGroup;
			children = (
				E500BFBF26CAFCAA007B3BDF /* ProfileScreenViewModel.swift */,
				E500BFBD26CAFC9C007B3BDF /* ProfileScreenView.swift */,
			);
			path = ProfileScreen;
			sourceTree = "<group>";
		};
		E51B406426C52928006BFDDA /* Extensions */ = {
			isa = PBXGroup;
			children = (
				E51B406226C5290B006BFDDA /* View+Extensions.swift */,
				E50C422E26CD0F0600BB387E /* Bundle+Extensions.swift */,
			);
			path = Extensions;
			sourceTree = "<group>";
		};
/* End PBXGroup section */

/* Begin PBXNativeTarget section */
		E51B403A26C51E2E006BFDDA /* profsoft-SwiftUI */ = {
			isa = PBXNativeTarget;
			buildConfigurationList = E51B404A26C51E2E006BFDDA /* Build configuration list for PBXNativeTarget "profsoft-SwiftUI" */;
			buildPhases = (
				E51B403726C51E2E006BFDDA /* Sources */,
				E51B403826C51E2E006BFDDA /* Frameworks */,
				E51B403926C51E2E006BFDDA /* Resources */,
			);
			buildRules = (
			);
			dependencies = (
			);
			name = "profsoft-SwiftUI";
			packageProductDependencies = (
				E50C422626CD0C4800BB387E /* Moya */,
				E50C422826CD0C4800BB387E /* CombineMoya */,
			);
			productName = "profsoft-SwiftUI";
			productReference = E51B403B26C51E2E006BFDDA /* profsoft-SwiftUI.app */;
			productType = "com.apple.product-type.application";
		};
/* End PBXNativeTarget section */

/* Begin PBXProject section */
		E51B403326C51E2E006BFDDA /* Project object */ = {
			isa = PBXProject;
			attributes = {
				LastSwiftUpdateCheck = 1250;
				LastUpgradeCheck = 1250;
				TargetAttributes = {
					E51B403A26C51E2E006BFDDA = {
						CreatedOnToolsVersion = 12.5.1;
					};
				};
			};
			buildConfigurationList = E51B403626C51E2E006BFDDA /* Build configuration list for PBXProject "profsoft-SwiftUI" */;
			compatibilityVersion = "Xcode 9.3";
			developmentRegion = en;
			hasScannedForEncodings = 0;
			knownRegions = (
				en,
				Base,
			);
			mainGroup = E51B403226C51E2E006BFDDA;
			packageReferences = (
				E50C422526CD0C4800BB387E /* XCRemoteSwiftPackageReference "Moya" */,
			);
			productRefGroup = E51B403C26C51E2E006BFDDA /* Products */;
			projectDirPath = "";
			projectRoot = "";
			targets = (
				E51B403A26C51E2E006BFDDA /* profsoft-SwiftUI */,
			);
		};
/* End PBXProject section */

/* Begin PBXResourcesBuildPhase section */
		E51B403926C51E2E006BFDDA /* Resources */ = {
			isa = PBXResourcesBuildPhase;
			buildActionMask = 2147483647;
			files = (
				E51B404626C51E2E006BFDDA /* Preview Assets.xcassets in Resources */,
				E51B404326C51E2E006BFDDA /* Assets.xcassets in Resources */,
				E500BFCE26CBC75F007B3BDF /* Golos Text_Medium.ttf in Resources */,
				E500BFD026CBCD51007B3BDF /* Golos Text_DemiBold.ttf in Resources */,
				E50C423326CD534D00BB387E /* user.json in Resources */,
			);
			runOnlyForDeploymentPostprocessing = 0;
		};
/* End PBXResourcesBuildPhase section */

/* Begin PBXSourcesBuildPhase section */
		E51B403726C51E2E006BFDDA /* Sources */ = {
			isa = PBXSourcesBuildPhase;
			buildActionMask = 2147483647;
			files = (
				E500BFBE26CAFC9C007B3BDF /* ProfileScreenView.swift in Sources */,
				E500BFAE26CA6EFE007B3BDF /* EmailTextField.swift in Sources */,
				E50EF18E26C8415100211D19 /* LoginScreenView.swift in Sources */,
				E50C422F26CD0F0600BB387E /* Bundle+Extensions.swift in Sources */,
				E50EF19326C842BF00211D19 /* BaseText.swift in Sources */,
				E50C421926CC32E200BB387E /* User.swift in Sources */,
				E50C421F26CC352700BB387E /* UserMapper.swift in Sources */,
				E50EF19826C847DC00211D19 /* BaseTextField.swift in Sources */,
				E50C422226CC4A1100BB387E /* ServerResponse.swift in Sources */,
				E500BFB526CAD8FA007B3BDF /* DashboardScreenView.swift in Sources */,
				E51B406726C52958006BFDDA /* AppFlow.swift in Sources */,
				E50C422426CC4D0300BB387E /* CourceMapper.swift in Sources */,
				E50C420E26CC309000BB387E /* Consts.swift in Sources */,
				E50C422B26CD0D3800BB387E /* AppDelegate.swift in Sources */,
				E500BFC526CB1096007B3BDF /* ImagePicker.swift in Sources */,
				E50EF19026C841AD00211D19 /* LoginScreenViewModel.swift in Sources */,
				E50C421D26CC350E00BB387E /* BaseMapper.swift in Sources */,
				E50EF19A26C84B6900211D19 /* PasswordTextField.swift in Sources */,
				E50EF18A26C6F49900211D19 /* CompanyLogo.swift in Sources */,
				E50C423126CD129F00BB387E /* GeneralServiceProtocols.swift in Sources */,
				E51B403F26C51E2E006BFDDA /* profsoft_SwiftUIApp.swift in Sources */,
				E500BFC926CBB204007B3BDF /* CourceBlockCell.swift in Sources */,
				E50C421026CC315C00BB387E /* MasterProvider.swift in Sources */,
				E51B406326C5290B006BFDDA /* View+Extensions.swift in Sources */,
				E50C422D26CD0D9100BB387E /* DIContainer.swift in Sources */,
				E500BFC026CAFCAA007B3BDF /* ProfileScreenViewModel.swift in Sources */,
				E500BFC326CAFD8F007B3BDF /* HeaderCell.swift in Sources */,
				E500BFCB26CBB343007B3BDF /* ShowMoreButton.swift in Sources */,
				E500BFBA26CADA0F007B3BDF /* DashboardScreenViewModel.swift in Sources */,
				E500BFC726CBADC4007B3BDF /* CourseCell.swift in Sources */,
				E50C421726CC32D900BB387E /* ServerUser.swift in Sources */,
				E51B405C26C52545006BFDDA /* StartScreenView.swift in Sources */,
				E50EF19526C8475A00211D19 /* LoginForm.swift in Sources */,
				E51B405826C5201A006BFDDA /* AppStep.swift in Sources */,
				E50EF18726C677ED00211D19 /* BaseButton.swift in Sources */,
				E51B406026C525F4006BFDDA /* StartScreenViewModel.swift in Sources */,
				E51B405A26C52431006BFDDA /* GeneralFlow.swift in Sources */,
				E50C420C26CC2F7F00BB387E /* GeneralAPI.swift in Sources */,
				E50C421226CC322800BB387E /* GeneralService.swift in Sources */,
			);
			runOnlyForDeploymentPostprocessing = 0;
		};
/* End PBXSourcesBuildPhase section */

/* Begin XCBuildConfiguration section */
		E51B404826C51E2E006BFDDA /* Debug */ = {
			isa = XCBuildConfiguration;
			buildSettings = {
				ALWAYS_SEARCH_USER_PATHS = NO;
				CLANG_ANALYZER_NONNULL = YES;
				CLANG_ANALYZER_NUMBER_OBJECT_CONVERSION = YES_AGGRESSIVE;
				CLANG_CXX_LANGUAGE_STANDARD = "gnu++14";
				CLANG_CXX_LIBRARY = "libc++";
				CLANG_ENABLE_MODULES = YES;
				CLANG_ENABLE_OBJC_ARC = YES;
				CLANG_ENABLE_OBJC_WEAK = YES;
				CLANG_WARN_BLOCK_CAPTURE_AUTORELEASING = YES;
				CLANG_WARN_BOOL_CONVERSION = YES;
				CLANG_WARN_COMMA = YES;
				CLANG_WARN_CONSTANT_CONVERSION = YES;
				CLANG_WARN_DEPRECATED_OBJC_IMPLEMENTATIONS = YES;
				CLANG_WARN_DIRECT_OBJC_ISA_USAGE = YES_ERROR;
				CLANG_WARN_DOCUMENTATION_COMMENTS = YES;
				CLANG_WARN_EMPTY_BODY = YES;
				CLANG_WARN_ENUM_CONVERSION = YES;
				CLANG_WARN_INFINITE_RECURSION = YES;
				CLANG_WARN_INT_CONVERSION = YES;
				CLANG_WARN_NON_LITERAL_NULL_CONVERSION = YES;
				CLANG_WARN_OBJC_IMPLICIT_RETAIN_SELF = YES;
				CLANG_WARN_OBJC_LITERAL_CONVERSION = YES;
				CLANG_WARN_OBJC_ROOT_CLASS = YES_ERROR;
				CLANG_WARN_QUOTED_INCLUDE_IN_FRAMEWORK_HEADER = YES;
				CLANG_WARN_RANGE_LOOP_ANALYSIS = YES;
				CLANG_WARN_STRICT_PROTOTYPES = YES;
				CLANG_WARN_SUSPICIOUS_MOVE = YES;
				CLANG_WARN_UNGUARDED_AVAILABILITY = YES_AGGRESSIVE;
				CLANG_WARN_UNREACHABLE_CODE = YES;
				CLANG_WARN__DUPLICATE_METHOD_MATCH = YES;
				COPY_PHASE_STRIP = NO;
				DEBUG_INFORMATION_FORMAT = dwarf;
				ENABLE_STRICT_OBJC_MSGSEND = YES;
				ENABLE_TESTABILITY = YES;
				GCC_C_LANGUAGE_STANDARD = gnu11;
				GCC_DYNAMIC_NO_PIC = NO;
				GCC_NO_COMMON_BLOCKS = YES;
				GCC_OPTIMIZATION_LEVEL = 0;
				GCC_PREPROCESSOR_DEFINITIONS = (
					"DEBUG=1",
					"$(inherited)",
				);
				GCC_WARN_64_TO_32_BIT_CONVERSION = YES;
				GCC_WARN_ABOUT_RETURN_TYPE = YES_ERROR;
				GCC_WARN_UNDECLARED_SELECTOR = YES;
				GCC_WARN_UNINITIALIZED_AUTOS = YES_AGGRESSIVE;
				GCC_WARN_UNUSED_FUNCTION = YES;
				GCC_WARN_UNUSED_VARIABLE = YES;
				IPHONEOS_DEPLOYMENT_TARGET = 14.5;
				MTL_ENABLE_DEBUG_INFO = INCLUDE_SOURCE;
				MTL_FAST_MATH = YES;
				ONLY_ACTIVE_ARCH = YES;
				SDKROOT = iphoneos;
				SWIFT_ACTIVE_COMPILATION_CONDITIONS = DEBUG;
				SWIFT_OPTIMIZATION_LEVEL = "-Onone";
			};
			name = Debug;
		};
		E51B404926C51E2E006BFDDA /* Release */ = {
			isa = XCBuildConfiguration;
			buildSettings = {
				ALWAYS_SEARCH_USER_PATHS = NO;
				CLANG_ANALYZER_NONNULL = YES;
				CLANG_ANALYZER_NUMBER_OBJECT_CONVERSION = YES_AGGRESSIVE;
				CLANG_CXX_LANGUAGE_STANDARD = "gnu++14";
				CLANG_CXX_LIBRARY = "libc++";
				CLANG_ENABLE_MODULES = YES;
				CLANG_ENABLE_OBJC_ARC = YES;
				CLANG_ENABLE_OBJC_WEAK = YES;
				CLANG_WARN_BLOCK_CAPTURE_AUTORELEASING = YES;
				CLANG_WARN_BOOL_CONVERSION = YES;
				CLANG_WARN_COMMA = YES;
				CLANG_WARN_CONSTANT_CONVERSION = YES;
				CLANG_WARN_DEPRECATED_OBJC_IMPLEMENTATIONS = YES;
				CLANG_WARN_DIRECT_OBJC_ISA_USAGE = YES_ERROR;
				CLANG_WARN_DOCUMENTATION_COMMENTS = YES;
				CLANG_WARN_EMPTY_BODY = YES;
				CLANG_WARN_ENUM_CONVERSION = YES;
				CLANG_WARN_INFINITE_RECURSION = YES;
				CLANG_WARN_INT_CONVERSION = YES;
				CLANG_WARN_NON_LITERAL_NULL_CONVERSION = YES;
				CLANG_WARN_OBJC_IMPLICIT_RETAIN_SELF = YES;
				CLANG_WARN_OBJC_LITERAL_CONVERSION = YES;
				CLANG_WARN_OBJC_ROOT_CLASS = YES_ERROR;
				CLANG_WARN_QUOTED_INCLUDE_IN_FRAMEWORK_HEADER = YES;
				CLANG_WARN_RANGE_LOOP_ANALYSIS = YES;
				CLANG_WARN_STRICT_PROTOTYPES = YES;
				CLANG_WARN_SUSPICIOUS_MOVE = YES;
				CLANG_WARN_UNGUARDED_AVAILABILITY = YES_AGGRESSIVE;
				CLANG_WARN_UNREACHABLE_CODE = YES;
				CLANG_WARN__DUPLICATE_METHOD_MATCH = YES;
				COPY_PHASE_STRIP = NO;
				DEBUG_INFORMATION_FORMAT = "dwarf-with-dsym";
				ENABLE_NS_ASSERTIONS = NO;
				ENABLE_STRICT_OBJC_MSGSEND = YES;
				GCC_C_LANGUAGE_STANDARD = gnu11;
				GCC_NO_COMMON_BLOCKS = YES;
				GCC_WARN_64_TO_32_BIT_CONVERSION = YES;
				GCC_WARN_ABOUT_RETURN_TYPE = YES_ERROR;
				GCC_WARN_UNDECLARED_SELECTOR = YES;
				GCC_WARN_UNINITIALIZED_AUTOS = YES_AGGRESSIVE;
				GCC_WARN_UNUSED_FUNCTION = YES;
				GCC_WARN_UNUSED_VARIABLE = YES;
				IPHONEOS_DEPLOYMENT_TARGET = 14.5;
				MTL_ENABLE_DEBUG_INFO = NO;
				MTL_FAST_MATH = YES;
				SDKROOT = iphoneos;
				SWIFT_COMPILATION_MODE = wholemodule;
				SWIFT_OPTIMIZATION_LEVEL = "-O";
				VALIDATE_PRODUCT = YES;
			};
			name = Release;
		};
		E51B404B26C51E2E006BFDDA /* Debug */ = {
			isa = XCBuildConfiguration;
			buildSettings = {
				ASSETCATALOG_COMPILER_APPICON_NAME = AppIcon;
				ASSETCATALOG_COMPILER_GLOBAL_ACCENT_COLOR_NAME = AccentColor;
				CODE_SIGN_STYLE = Manual;
				DEVELOPMENT_ASSET_PATHS = "\"profsoft-SwiftUI/Preview Content\"";
				DEVELOPMENT_TEAM = "";
				ENABLE_PREVIEWS = YES;
				INFOPLIST_FILE = "profsoft-SwiftUI/App/Info.plist";
				IPHONEOS_DEPLOYMENT_TARGET = 14.0;
				LD_RUNPATH_SEARCH_PATHS = (
					"$(inherited)",
					"@executable_path/Frameworks",
				);
				PRODUCT_BUNDLE_IDENTIFIER = "kolesnikov.profsoft-SwiftUI";
				PRODUCT_NAME = "$(TARGET_NAME)";
				PROVISIONING_PROFILE_SPECIFIER = "";
				SWIFT_VERSION = 5.0;
				TARGETED_DEVICE_FAMILY = "1,2";
			};
			name = Debug;
		};
		E51B404C26C51E2E006BFDDA /* Release */ = {
			isa = XCBuildConfiguration;
			buildSettings = {
				ASSETCATALOG_COMPILER_APPICON_NAME = AppIcon;
				ASSETCATALOG_COMPILER_GLOBAL_ACCENT_COLOR_NAME = AccentColor;
				CODE_SIGN_STYLE = Manual;
				DEVELOPMENT_ASSET_PATHS = "\"profsoft-SwiftUI/Preview Content\"";
				DEVELOPMENT_TEAM = "";
				ENABLE_PREVIEWS = YES;
				INFOPLIST_FILE = "profsoft-SwiftUI/App/Info.plist";
				IPHONEOS_DEPLOYMENT_TARGET = 14.0;
				LD_RUNPATH_SEARCH_PATHS = (
					"$(inherited)",
					"@executable_path/Frameworks",
				);
				PRODUCT_BUNDLE_IDENTIFIER = "kolesnikov.profsoft-SwiftUI";
				PRODUCT_NAME = "$(TARGET_NAME)";
				PROVISIONING_PROFILE_SPECIFIER = "";
				SWIFT_VERSION = 5.0;
				TARGETED_DEVICE_FAMILY = "1,2";
			};
			name = Release;
		};
/* End XCBuildConfiguration section */

/* Begin XCConfigurationList section */
		E51B403626C51E2E006BFDDA /* Build configuration list for PBXProject "profsoft-SwiftUI" */ = {
			isa = XCConfigurationList;
			buildConfigurations = (
				E51B404826C51E2E006BFDDA /* Debug */,
				E51B404926C51E2E006BFDDA /* Release */,
			);
			defaultConfigurationIsVisible = 0;
			defaultConfigurationName = Release;
		};
		E51B404A26C51E2E006BFDDA /* Build configuration list for PBXNativeTarget "profsoft-SwiftUI" */ = {
			isa = XCConfigurationList;
			buildConfigurations = (
				E51B404B26C51E2E006BFDDA /* Debug */,
				E51B404C26C51E2E006BFDDA /* Release */,
			);
			defaultConfigurationIsVisible = 0;
			defaultConfigurationName = Release;
		};
/* End XCConfigurationList section */

/* Begin XCRemoteSwiftPackageReference section */
		E50C422526CD0C4800BB387E /* XCRemoteSwiftPackageReference "Moya" */ = {
			isa = XCRemoteSwiftPackageReference;
			repositoryURL = "https://github.com/Moya/Moya";
			requirement = {
				kind = exactVersion;
				version = "15.0.0-alpha.1";
			};
		};
/* End XCRemoteSwiftPackageReference section */

/* Begin XCSwiftPackageProductDependency section */
		E50C422626CD0C4800BB387E /* Moya */ = {
			isa = XCSwiftPackageProductDependency;
			package = E50C422526CD0C4800BB387E /* XCRemoteSwiftPackageReference "Moya" */;
			productName = Moya;
		};
		E50C422826CD0C4800BB387E /* CombineMoya */ = {
			isa = XCSwiftPackageProductDependency;
			package = E50C422526CD0C4800BB387E /* XCRemoteSwiftPackageReference "Moya" */;
			productName = CombineMoya;
		};
/* End XCSwiftPackageProductDependency section */
	};
	rootObject = E51B403326C51E2E006BFDDA /* Project object */;
}
